{
  "name": "survey-results-generator",
  "version": "1.0.0",
  "lockfileVersion": 1,
  "requires": true,
  "dependencies": {
    "survey-vue": {
      "version": "1.5.19",
      "resolved": "https://registry.npmjs.org/survey-vue/-/survey-vue-1.5.19.tgz",
      "integrity": "sha512-Jo+UW9a5VmMQor3/ybetTgrzfqs3KxZH5jSew1CkKIpPEr3Bs/45IVBVQc+0quDdqYnwgx460+efjOMNgYJp4w==",
      "requires": {
        "vue": "^2.1.10"
      }
    },
    "surveyjs": {
      "version": "2.0.4",
      "resolved": "https://registry.npmjs.org/surveyjs/-/surveyjs-2.0.4.tgz",
      "integrity": "sha512-n1FnizrCcwH/ZoUrxjgvwYHE9I99njZqvKRvtX1WfFR8EENg/f5cnOfKw8lmMwo3K5QetssbhqMUqPhOn5r1rg=="
    },
    "vue": {
      "version": "2.6.11",
      "resolved": "https://registry.npmjs.org/vue/-/vue-2.6.11.tgz",
      "integrity": "sha512-VfPwgcGABbGAue9+sfrD4PuwFar7gPb1yl1UK1MwXoQPAw0BKSqWfoYCT/ThFrdEVWoI51dBuyCoiNU9bZDZxQ=="
    }
  }
}
